
Microsoft Visual Studio Solution File, Format Version 12.00
# Visual Studio 15
VisualStudioVersion = 15.0.28307.705
MinimumVisualStudioVersion = 10.0.40219.1
Project("{FAE04EC0-301F-11D3-BF4B-00C04F79EFBC}") = "WingServer", "WingServer\WingServer.csproj", "{FECCCE3E-5AD2-4207-92E8-92D2B643E8FF}"
EndProject
Global
	GlobalSection(SolutionConfigurationPlatforms) = preSolution
		Debug|Any CPU = Debug|Any CPU
		Release|Any CPU = Release|Any CPU
	EndGlobalSection
	GlobalSection(ProjectConfigurationPlatforms) = postSolution
		{FECCCE3E-5AD2-4207-92E8-92D2B643E8FF}.Debug|Any CPU.ActiveCfg = Debug|Any CPU
		{FECCCE3E-5AD2-4207-92E8-92D2B643E8FF}.Debug|Any CPU.Build.0 = Debug|Any CPU
		{FECCCE3E-5AD2-4207-92E8-92D2B643E8FF}.Release|Any CPU.ActiveCfg = Release|Any CPU
		{FECCCE3E-5AD2-4207-92E8-92D2B643E8FF}.Release|Any CPU.Build.0 = Release|Any CPU
	EndGlobalSection
	GlobalSection(SolutionProperties) = preSolution
		HideSolutionNode = FALSE
	EndGlobalSection
	GlobalSection(ExtensibilityGlobals) = postSolution
		SolutionGuid = {E4B84CA3-D8E7-4878-B186-D3E1EEF81F23}
	EndGlobalSection
EndGlobal
